// !$*UTF8*$!
{
	archiveVersion = 1;
	classes = {
	};
	objectVersion = 56;
	objects = {

/* Begin PBXBuildFile section */
		2A10860E2BF9EA4900F8FAED /* MealSchedulerTableViewController.swift in Sources */ = {isa = PBXBuildFile; fileRef = 2A10860D2BF9EA4900F8FAED /* MealSchedulerTableViewController.swift */; };
		2A1086132BF9F9DC00F8FAED /* BreakfastMealTableViewCell.swift in Sources */ = {isa = PBXBuildFile; fileRef = 2A1086122BF9F9DC00F8FAED /* BreakfastMealTableViewCell.swift */; };
		2A1086152BF9F9F600F8FAED /* LunchMealTableViewCell.swift in Sources */ = {isa = PBXBuildFile; fileRef = 2A1086142BF9F9F600F8FAED /* LunchMealTableViewCell.swift */; };
		2A1086192BF9FC6A00F8FAED /* DinnerMealTableViewCell.swift in Sources */ = {isa = PBXBuildFile; fileRef = 2A1086182BF9FC6A00F8FAED /* DinnerMealTableViewCell.swift */; };
		2A10861B2BFA059600F8FAED /* AddMealViewController.swift in Sources */ = {isa = PBXBuildFile; fileRef = 2A10861A2BFA059600F8FAED /* AddMealViewController.swift */; };
		2A14994F2BE3D8A2005114DE /* GoogleService-Info.plist in Resources */ = {isa = PBXBuildFile; fileRef = 2A14994E2BE3D8A2005114DE /* GoogleService-Info.plist */; };
		2A297B002BEF8C9C0009E014 /* PieChartUIView.swift in Sources */ = {isa = PBXBuildFile; fileRef = 2A297AFF2BEF8C9C0009E014 /* PieChartUIView.swift */; };
		2A4397832BFF7E7A00E242A2 /* SettingsTableViewController.swift in Sources */ = {isa = PBXBuildFile; fileRef = 2A4397822BFF7E7A00E242A2 /* SettingsTableViewController.swift */; };
		2A4397872BFF81BC00E242A2 /* NightmodeTableViewCell.swift in Sources */ = {isa = PBXBuildFile; fileRef = 2A4397862BFF81BC00E242A2 /* NightmodeTableViewCell.swift */; };
		2A4397892BFF842300E242A2 /* DeleteDataTableViewCell.swift in Sources */ = {isa = PBXBuildFile; fileRef = 2A4397882BFF842300E242A2 /* DeleteDataTableViewCell.swift */; };
		2A43978B2BFF843300E242A2 /* AcknowledgementTableViewCell.swift in Sources */ = {isa = PBXBuildFile; fileRef = 2A43978A2BFF843300E242A2 /* AcknowledgementTableViewCell.swift */; };
		2A48C5352BD77DDD006EFA94 /* AppDelegate.swift in Sources */ = {isa = PBXBuildFile; fileRef = 2A48C5342BD77DDD006EFA94 /* AppDelegate.swift */; };
		2A48C5372BD77DDD006EFA94 /* SceneDelegate.swift in Sources */ = {isa = PBXBuildFile; fileRef = 2A48C5362BD77DDD006EFA94 /* SceneDelegate.swift */; };
		2A48C5392BD77DDD006EFA94 /* ViewController.swift in Sources */ = {isa = PBXBuildFile; fileRef = 2A48C5382BD77DDD006EFA94 /* ViewController.swift */; };
		2A48C53C2BD77DDD006EFA94 /* Base in Resources */ = {isa = PBXBuildFile; fileRef = 2A48C53B2BD77DDD006EFA94 /* Base */; };
		2A48C53E2BD77DDE006EFA94 /* Assets.xcassets in Resources */ = {isa = PBXBuildFile; fileRef = 2A48C53D2BD77DDE006EFA94 /* Assets.xcassets */; };
		2A48C5412BD77DDE006EFA94 /* Base in Resources */ = {isa = PBXBuildFile; fileRef = 2A48C5402BD77DDE006EFA94 /* Base */; };
		2A48C5492BD782EA006EFA94 /* MyRecipeCollectionViewController.swift in Sources */ = {isa = PBXBuildFile; fileRef = 2A48C5482BD782EA006EFA94 /* MyRecipeCollectionViewController.swift */; };
		2A48C54B2BD7842B006EFA94 /* Recipe.swift in Sources */ = {isa = PBXBuildFile; fileRef = 2A48C54A2BD7842B006EFA94 /* Recipe.swift */; };
		2A48C54D2BD7980E006EFA94 /* MyRecipeCollectionViewCell.swift in Sources */ = {isa = PBXBuildFile; fileRef = 2A48C54C2BD7980E006EFA94 /* MyRecipeCollectionViewCell.swift */; };
		2A58447E2BF364AF00FA9BD3 /* BoughtTableViewCell.swift in Sources */ = {isa = PBXBuildFile; fileRef = 2A58447D2BF364AF00FA9BD3 /* BoughtTableViewCell.swift */; };
		2A7DACF82BE601EF00886398 /* MulticastDelegate.swift in Sources */ = {isa = PBXBuildFile; fileRef = 2A7DACF72BE601EF00886398 /* MulticastDelegate.swift */; };
		2A7DACFA2BE6020400886398 /* DatabaseProtocol.swift in Sources */ = {isa = PBXBuildFile; fileRef = 2A7DACF92BE6020400886398 /* DatabaseProtocol.swift */; };
		2A7DACFE2BE6085E00886398 /* RecipeList.swift in Sources */ = {isa = PBXBuildFile; fileRef = 2A7DACFD2BE6085E00886398 /* RecipeList.swift */; };
		2A7DAD002BE6092100886398 /* FirebaseController.swift in Sources */ = {isa = PBXBuildFile; fileRef = 2A7DACFF2BE6092100886398 /* FirebaseController.swift */; };
		2A7DAD022BE60C8B00886398 /* FirebaseAuth in Frameworks */ = {isa = PBXBuildFile; productRef = 2A7DAD012BE60C8B00886398 /* FirebaseAuth */; };
		2A7DAD042BE60C8B00886398 /* FirebaseFirestore in Frameworks */ = {isa = PBXBuildFile; productRef = 2A7DAD032BE60C8B00886398 /* FirebaseFirestore */; };
		2A7DAD062BE60C8B00886398 /* FirebaseFirestoreSwift in Frameworks */ = {isa = PBXBuildFile; productRef = 2A7DAD052BE60C8B00886398 /* FirebaseFirestoreSwift */; };
		2AA5CE8C2BFC6E7900BDDC46 /* PushNotificationSettingsViewController.swift in Sources */ = {isa = PBXBuildFile; fileRef = 2AA5CE8B2BFC6E7900BDDC46 /* PushNotificationSettingsViewController.swift */; };
		2AADB0B62BF32CEB00962CF6 /* ShoppingListTableViewController.swift in Sources */ = {isa = PBXBuildFile; fileRef = 2AADB0B52BF32CEB00962CF6 /* ShoppingListTableViewController.swift */; };
		2AADB0BA2BF32EF600962CF6 /* Ingredient.swift in Sources */ = {isa = PBXBuildFile; fileRef = 2AADB0B92BF32EF600962CF6 /* Ingredient.swift */; };
		2AADB0BC2BF3575000962CF6 /* ToBuyTableViewCell.swift in Sources */ = {isa = PBXBuildFile; fileRef = 2AADB0BB2BF3574F00962CF6 /* ToBuyTableViewCell.swift */; };
		2AAF02FB2BE7D605004BC26C /* FirebaseStorage in Frameworks */ = {isa = PBXBuildFile; productRef = 2AAF02FA2BE7D605004BC26C /* FirebaseStorage */; };
		2ACFB5492C01B4C600BA2E57 /* TabController.swift in Sources */ = {isa = PBXBuildFile; fileRef = 2ACFB5482C01B4C600BA2E57 /* TabController.swift */; };
		2ACFB54B2C01BF5E00BA2E57 /* AcknowledgementViewController.swift in Sources */ = {isa = PBXBuildFile; fileRef = 2ACFB54A2C01BF5E00BA2E57 /* AcknowledgementViewController.swift */; };
		2AD878B42BD8D70A0055DC01 /* AddRecipeDelegate.swift in Sources */ = {isa = PBXBuildFile; fileRef = 2AD878B32BD8D70A0055DC01 /* AddRecipeDelegate.swift */; };
		2AD878B62BD8DBC20055DC01 /* ViewRecipeDetailViewController.swift in Sources */ = {isa = PBXBuildFile; fileRef = 2AD878B52BD8DBC20055DC01 /* ViewRecipeDetailViewController.swift */; };
		2AF481622BDD2CA100BEE85B /* CreateRecipeViewController.swift in Sources */ = {isa = PBXBuildFile; fileRef = 2AF481612BDD2CA100BEE85B /* CreateRecipeViewController.swift */; };
		2AF481642BDD3B4B00BEE85B /* UIViewController+displayMessage.swift in Sources */ = {isa = PBXBuildFile; fileRef = 2AF481632BDD3B4B00BEE85B /* UIViewController+displayMessage.swift */; };
/* End PBXBuildFile section */

/* Begin PBXFileReference section */
		2A10860D2BF9EA4900F8FAED /* MealSchedulerTableViewController.swift */ = {isa = PBXFileReference; lastKnownFileType = sourcecode.swift; path = MealSchedulerTableViewController.swift; sourceTree = "<group>"; };
		2A1086122BF9F9DC00F8FAED /* BreakfastMealTableViewCell.swift */ = {isa = PBXFileReference; lastKnownFileType = sourcecode.swift; path = BreakfastMealTableViewCell.swift; sourceTree = "<group>"; };
		2A1086142BF9F9F600F8FAED /* LunchMealTableViewCell.swift */ = {isa = PBXFileReference; lastKnownFileType = sourcecode.swift; path = LunchMealTableViewCell.swift; sourceTree = "<group>"; };
		2A1086182BF9FC6A00F8FAED /* DinnerMealTableViewCell.swift */ = {isa = PBXFileReference; lastKnownFileType = sourcecode.swift; path = DinnerMealTableViewCell.swift; sourceTree = "<group>"; };
		2A10861A2BFA059600F8FAED /* AddMealViewController.swift */ = {isa = PBXFileReference; lastKnownFileType = sourcecode.swift; path = AddMealViewController.swift; sourceTree = "<group>"; };
		2A14994E2BE3D8A2005114DE /* GoogleService-Info.plist */ = {isa = PBXFileReference; fileEncoding = 4; lastKnownFileType = text.plist.xml; name = "GoogleService-Info.plist"; path = "../../../Downloads/GoogleService-Info.plist"; sourceTree = "<group>"; };
		2A297AFF2BEF8C9C0009E014 /* PieChartUIView.swift */ = {isa = PBXFileReference; lastKnownFileType = sourcecode.swift; path = PieChartUIView.swift; sourceTree = "<group>"; };
		2A4397822BFF7E7A00E242A2 /* SettingsTableViewController.swift */ = {isa = PBXFileReference; lastKnownFileType = sourcecode.swift; path = SettingsTableViewController.swift; sourceTree = "<group>"; };
		2A4397862BFF81BC00E242A2 /* NightmodeTableViewCell.swift */ = {isa = PBXFileReference; lastKnownFileType = sourcecode.swift; path = NightmodeTableViewCell.swift; sourceTree = "<group>"; };
		2A4397882BFF842300E242A2 /* DeleteDataTableViewCell.swift */ = {isa = PBXFileReference; lastKnownFileType = sourcecode.swift; path = DeleteDataTableViewCell.swift; sourceTree = "<group>"; };
		2A43978A2BFF843300E242A2 /* AcknowledgementTableViewCell.swift */ = {isa = PBXFileReference; lastKnownFileType = sourcecode.swift; path = AcknowledgementTableViewCell.swift; sourceTree = "<group>"; };
		2A48C5312BD77DDD006EFA94 /* MeRecipe.app */ = {isa = PBXFileReference; explicitFileType = wrapper.application; includeInIndex = 0; path = MeRecipe.app; sourceTree = BUILT_PRODUCTS_DIR; };
		2A48C5342BD77DDD006EFA94 /* AppDelegate.swift */ = {isa = PBXFileReference; lastKnownFileType = sourcecode.swift; path = AppDelegate.swift; sourceTree = "<group>"; };
		2A48C5362BD77DDD006EFA94 /* SceneDelegate.swift */ = {isa = PBXFileReference; lastKnownFileType = sourcecode.swift; path = SceneDelegate.swift; sourceTree = "<group>"; };
		2A48C5382BD77DDD006EFA94 /* ViewController.swift */ = {isa = PBXFileReference; lastKnownFileType = sourcecode.swift; path = ViewController.swift; sourceTree = "<group>"; };
		2A48C53B2BD77DDD006EFA94 /* Base */ = {isa = PBXFileReference; lastKnownFileType = file.storyboard; name = Base; path = Base.lproj/Main.storyboard; sourceTree = "<group>"; };
		2A48C53D2BD77DDE006EFA94 /* Assets.xcassets */ = {isa = PBXFileReference; lastKnownFileType = folder.assetcatalog; path = Assets.xcassets; sourceTree = "<group>"; };
		2A48C5402BD77DDE006EFA94 /* Base */ = {isa = PBXFileReference; lastKnownFileType = file.storyboard; name = Base; path = Base.lproj/LaunchScreen.storyboard; sourceTree = "<group>"; };
		2A48C5422BD77DDE006EFA94 /* Info.plist */ = {isa = PBXFileReference; lastKnownFileType = text.plist.xml; path = Info.plist; sourceTree = "<group>"; };
		2A48C5482BD782EA006EFA94 /* MyRecipeCollectionViewController.swift */ = {isa = PBXFileReference; lastKnownFileType = sourcecode.swift; path = MyRecipeCollectionViewController.swift; sourceTree = "<group>"; };
		2A48C54A2BD7842B006EFA94 /* Recipe.swift */ = {isa = PBXFileReference; lastKnownFileType = sourcecode.swift; path = Recipe.swift; sourceTree = "<group>"; };
		2A48C54C2BD7980E006EFA94 /* MyRecipeCollectionViewCell.swift */ = {isa = PBXFileReference; lastKnownFileType = sourcecode.swift; path = MyRecipeCollectionViewCell.swift; sourceTree = "<group>"; };
		2A58447D2BF364AF00FA9BD3 /* BoughtTableViewCell.swift */ = {isa = PBXFileReference; lastKnownFileType = sourcecode.swift; path = BoughtTableViewCell.swift; sourceTree = "<group>"; };
		2A7DACF72BE601EF00886398 /* MulticastDelegate.swift */ = {isa = PBXFileReference; lastKnownFileType = sourcecode.swift; path = MulticastDelegate.swift; sourceTree = "<group>"; };
		2A7DACF92BE6020400886398 /* DatabaseProtocol.swift */ = {isa = PBXFileReference; lastKnownFileType = sourcecode.swift; path = DatabaseProtocol.swift; sourceTree = "<group>"; };
		2A7DACFD2BE6085E00886398 /* RecipeList.swift */ = {isa = PBXFileReference; lastKnownFileType = sourcecode.swift; path = RecipeList.swift; sourceTree = "<group>"; };
		2A7DACFF2BE6092100886398 /* FirebaseController.swift */ = {isa = PBXFileReference; lastKnownFileType = sourcecode.swift; path = FirebaseController.swift; sourceTree = "<group>"; };
		2AA5CE8B2BFC6E7900BDDC46 /* PushNotificationSettingsViewController.swift */ = {isa = PBXFileReference; lastKnownFileType = sourcecode.swift; path = PushNotificationSettingsViewController.swift; sourceTree = "<group>"; };
		2AADB0B52BF32CEB00962CF6 /* ShoppingListTableViewController.swift */ = {isa = PBXFileReference; lastKnownFileType = sourcecode.swift; path = ShoppingListTableViewController.swift; sourceTree = "<group>"; };
		2AADB0B92BF32EF600962CF6 /* Ingredient.swift */ = {isa = PBXFileReference; lastKnownFileType = sourcecode.swift; path = Ingredient.swift; sourceTree = "<group>"; };
		2AADB0BB2BF3574F00962CF6 /* ToBuyTableViewCell.swift */ = {isa = PBXFileReference; lastKnownFileType = sourcecode.swift; path = ToBuyTableViewCell.swift; sourceTree = "<group>"; };
		2ACFB5482C01B4C600BA2E57 /* TabController.swift */ = {isa = PBXFileReference; lastKnownFileType = sourcecode.swift; path = TabController.swift; sourceTree = "<group>"; };
		2ACFB54A2C01BF5E00BA2E57 /* AcknowledgementViewController.swift */ = {isa = PBXFileReference; lastKnownFileType = sourcecode.swift; path = AcknowledgementViewController.swift; sourceTree = "<group>"; };
		2AD878B32BD8D70A0055DC01 /* AddRecipeDelegate.swift */ = {isa = PBXFileReference; lastKnownFileType = sourcecode.swift; path = AddRecipeDelegate.swift; sourceTree = "<group>"; };
		2AD878B52BD8DBC20055DC01 /* ViewRecipeDetailViewController.swift */ = {isa = PBXFileReference; lastKnownFileType = sourcecode.swift; path = ViewRecipeDetailViewController.swift; sourceTree = "<group>"; };
		2AF481612BDD2CA100BEE85B /* CreateRecipeViewController.swift */ = {isa = PBXFileReference; lastKnownFileType = sourcecode.swift; path = CreateRecipeViewController.swift; sourceTree = "<group>"; };
		2AF481632BDD3B4B00BEE85B /* UIViewController+displayMessage.swift */ = {isa = PBXFileReference; lastKnownFileType = sourcecode.swift; path = "UIViewController+displayMessage.swift"; sourceTree = "<group>"; };
/* End PBXFileReference section */

/* Begin PBXFrameworksBuildPhase section */
		2A48C52E2BD77DDD006EFA94 /* Frameworks */ = {
			isa = PBXFrameworksBuildPhase;
			buildActionMask = 2147483647;
			files = (
				2A7DAD022BE60C8B00886398 /* FirebaseAuth in Frameworks */,
				2AAF02FB2BE7D605004BC26C /* FirebaseStorage in Frameworks */,
				2A7DAD042BE60C8B00886398 /* FirebaseFirestore in Frameworks */,
				2A7DAD062BE60C8B00886398 /* FirebaseFirestoreSwift in Frameworks */,
			);
			runOnlyForDeploymentPostprocessing = 0;
		};
/* End PBXFrameworksBuildPhase section */

/* Begin PBXGroup section */
		2A10860F2BF9EA5A00F8FAED /* MealSchedulerComponents */ = {
			isa = PBXGroup;
			children = (
				2A10860D2BF9EA4900F8FAED /* MealSchedulerTableViewController.swift */,
				2A1086122BF9F9DC00F8FAED /* BreakfastMealTableViewCell.swift */,
				2A1086142BF9F9F600F8FAED /* LunchMealTableViewCell.swift */,
				2A1086182BF9FC6A00F8FAED /* DinnerMealTableViewCell.swift */,
				2A10861A2BFA059600F8FAED /* AddMealViewController.swift */,
				2AA5CE8B2BFC6E7900BDDC46 /* PushNotificationSettingsViewController.swift */,
			);
			path = MealSchedulerComponents;
			sourceTree = "<group>";
		};
		2A43977D2BFF2DA900E242A2 /* SettingsComponents */ = {
			isa = PBXGroup;
			children = (
				2A4397822BFF7E7A00E242A2 /* SettingsTableViewController.swift */,
				2A4397862BFF81BC00E242A2 /* NightmodeTableViewCell.swift */,
				2A4397882BFF842300E242A2 /* DeleteDataTableViewCell.swift */,
				2A43978A2BFF843300E242A2 /* AcknowledgementTableViewCell.swift */,
				2ACFB54A2C01BF5E00BA2E57 /* AcknowledgementViewController.swift */,
			);
			path = SettingsComponents;
			sourceTree = "<group>";
		};
		2A48C5282BD77DDD006EFA94 = {
			isa = PBXGroup;
			children = (
				2A48C5332BD77DDD006EFA94 /* MeRecipe */,
				2A48C5322BD77DDD006EFA94 /* Products */,
			);
			sourceTree = "<group>";
		};
		2A48C5322BD77DDD006EFA94 /* Products */ = {
			isa = PBXGroup;
			children = (
				2A48C5312BD77DDD006EFA94 /* MeRecipe.app */,
			);
			name = Products;
			sourceTree = "<group>";
		};
		2A48C5332BD77DDD006EFA94 /* MeRecipe */ = {
			isa = PBXGroup;
			children = (
				2A7DACF62BE601D000886398 /* Database */,
				2A48C5342BD77DDD006EFA94 /* AppDelegate.swift */,
				2A48C5362BD77DDD006EFA94 /* SceneDelegate.swift */,
				2A48C5382BD77DDD006EFA94 /* ViewController.swift */,
				2A48C53A2BD77DDD006EFA94 /* Main.storyboard */,
				2A48C53D2BD77DDE006EFA94 /* Assets.xcassets */,
				2A48C53F2BD77DDE006EFA94 /* LaunchScreen.storyboard */,
				2A48C5422BD77DDE006EFA94 /* Info.plist */,
				2A14994E2BE3D8A2005114DE /* GoogleService-Info.plist */,
				2A48C5482BD782EA006EFA94 /* MyRecipeCollectionViewController.swift */,
				2A48C54C2BD7980E006EFA94 /* MyRecipeCollectionViewCell.swift */,
				2AF481612BDD2CA100BEE85B /* CreateRecipeViewController.swift */,
				2AD878B32BD8D70A0055DC01 /* AddRecipeDelegate.swift */,
				2AD878B52BD8DBC20055DC01 /* ViewRecipeDetailViewController.swift */,
				2A58447C2BF3645300FA9BD3 /* ShoppingListComponents */,
				2A10860F2BF9EA5A00F8FAED /* MealSchedulerComponents */,
				2A43977D2BFF2DA900E242A2 /* SettingsComponents */,
				2A7DACFD2BE6085E00886398 /* RecipeList.swift */,
				2A48C54A2BD7842B006EFA94 /* Recipe.swift */,
				2AADB0B92BF32EF600962CF6 /* Ingredient.swift */,
				2A7DACFF2BE6092100886398 /* FirebaseController.swift */,
				2AF481632BDD3B4B00BEE85B /* UIViewController+displayMessage.swift */,
				2A297AFF2BEF8C9C0009E014 /* PieChartUIView.swift */,
				2ACFB5482C01B4C600BA2E57 /* TabController.swift */,
			);
			path = MeRecipe;
			sourceTree = "<group>";
		};
		2A58447C2BF3645300FA9BD3 /* ShoppingListComponents */ = {
			isa = PBXGroup;
			children = (
				2A58447D2BF364AF00FA9BD3 /* BoughtTableViewCell.swift */,
				2AADB0B52BF32CEB00962CF6 /* ShoppingListTableViewController.swift */,
				2AADB0BB2BF3574F00962CF6 /* ToBuyTableViewCell.swift */,
			);
			path = ShoppingListComponents;
			sourceTree = "<group>";
		};
		2A7DACF62BE601D000886398 /* Database */ = {
			isa = PBXGroup;
			children = (
				2A7DACF72BE601EF00886398 /* MulticastDelegate.swift */,
				2A7DACF92BE6020400886398 /* DatabaseProtocol.swift */,
			);
			path = Database;
			sourceTree = "<group>";
		};
/* End PBXGroup section */

/* Begin PBXNativeTarget section */
		2A48C5302BD77DDD006EFA94 /* MeRecipe */ = {
			isa = PBXNativeTarget;
			buildConfigurationList = 2A48C5452BD77DDE006EFA94 /* Build configuration list for PBXNativeTarget "MeRecipe" */;
			buildPhases = (
				2A48C52D2BD77DDD006EFA94 /* Sources */,
				2A48C52E2BD77DDD006EFA94 /* Frameworks */,
				2A48C52F2BD77DDD006EFA94 /* Resources */,
			);
			buildRules = (
			);
			dependencies = (
			);
			name = MeRecipe;
			packageProductDependencies = (
				2A7DAD012BE60C8B00886398 /* FirebaseAuth */,
				2A7DAD032BE60C8B00886398 /* FirebaseFirestore */,
				2A7DAD052BE60C8B00886398 /* FirebaseFirestoreSwift */,
				2AAF02FA2BE7D605004BC26C /* FirebaseStorage */,
			);
			productName = MeRecipe;
			productReference = 2A48C5312BD77DDD006EFA94 /* MeRecipe.app */;
			productType = "com.apple.product-type.application";
		};
/* End PBXNativeTarget section */

/* Begin PBXProject section */
		2A48C5292BD77DDD006EFA94 /* Project object */ = {
			isa = PBXProject;
			attributes = {
				BuildIndependentTargetsInParallel = 1;
				LastSwiftUpdateCheck = 1530;
				LastUpgradeCheck = 1530;
				TargetAttributes = {
					2A48C5302BD77DDD006EFA94 = {
						CreatedOnToolsVersion = 15.3;
					};
				};
			};
			buildConfigurationList = 2A48C52C2BD77DDD006EFA94 /* Build configuration list for PBXProject "MeRecipe" */;
			compatibilityVersion = "Xcode 14.0";
			developmentRegion = en;
			hasScannedForEncodings = 0;
			knownRegions = (
				en,
				Base,
			);
			mainGroup = 2A48C5282BD77DDD006EFA94;
			packageReferences = (
				2A14994D2BE3D29E005114DE /* XCRemoteSwiftPackageReference "firebase-ios-sdk" */,
			);
			productRefGroup = 2A48C5322BD77DDD006EFA94 /* Products */;
			projectDirPath = "";
			projectRoot = "";
			targets = (
				2A48C5302BD77DDD006EFA94 /* MeRecipe */,
			);
		};
/* End PBXProject section */

/* Begin PBXResourcesBuildPhase section */
		2A48C52F2BD77DDD006EFA94 /* Resources */ = {
			isa = PBXResourcesBuildPhase;
			buildActionMask = 2147483647;
			files = (
				2A48C53E2BD77DDE006EFA94 /* Assets.xcassets in Resources */,
				2A14994F2BE3D8A2005114DE /* GoogleService-Info.plist in Resources */,
				2A48C5412BD77DDE006EFA94 /* Base in Resources */,
				2A48C53C2BD77DDD006EFA94 /* Base in Resources */,
			);
			runOnlyForDeploymentPostprocessing = 0;
		};
/* End PBXResourcesBuildPhase section */

/* Begin PBXSourcesBuildPhase section */
		2A48C52D2BD77DDD006EFA94 /* Sources */ = {
			isa = PBXSourcesBuildPhase;
			buildActionMask = 2147483647;
			files = (
				2A4397892BFF842300E242A2 /* DeleteDataTableViewCell.swift in Sources */,
				2A7DAD002BE6092100886398 /* FirebaseController.swift in Sources */,
				2A10860E2BF9EA4900F8FAED /* MealSchedulerTableViewController.swift in Sources */,
				2A7DACFA2BE6020400886398 /* DatabaseProtocol.swift in Sources */,
				2AADB0BA2BF32EF600962CF6 /* Ingredient.swift in Sources */,
				2A43978B2BFF843300E242A2 /* AcknowledgementTableViewCell.swift in Sources */,
				2AD878B62BD8DBC20055DC01 /* ViewRecipeDetailViewController.swift in Sources */,
				2A48C5392BD77DDD006EFA94 /* ViewController.swift in Sources */,
				2ACFB5492C01B4C600BA2E57 /* TabController.swift in Sources */,
				2AF481642BDD3B4B00BEE85B /* UIViewController+displayMessage.swift in Sources */,
				2AF481622BDD2CA100BEE85B /* CreateRecipeViewController.swift in Sources */,
				2A48C5352BD77DDD006EFA94 /* AppDelegate.swift in Sources */,
				2A48C54D2BD7980E006EFA94 /* MyRecipeCollectionViewCell.swift in Sources */,
				2A297B002BEF8C9C0009E014 /* PieChartUIView.swift in Sources */,
				2A1086152BF9F9F600F8FAED /* LunchMealTableViewCell.swift in Sources */,
				2A48C5492BD782EA006EFA94 /* MyRecipeCollectionViewController.swift in Sources */,
				2A48C5372BD77DDD006EFA94 /* SceneDelegate.swift in Sources */,
				2AA5CE8C2BFC6E7900BDDC46 /* PushNotificationSettingsViewController.swift in Sources */,
				2A58447E2BF364AF00FA9BD3 /* BoughtTableViewCell.swift in Sources */,
				2AADB0BC2BF3575000962CF6 /* ToBuyTableViewCell.swift in Sources */,
				2A10861B2BFA059600F8FAED /* AddMealViewController.swift in Sources */,
				2A4397832BFF7E7A00E242A2 /* SettingsTableViewController.swift in Sources */,
				2AD878B42BD8D70A0055DC01 /* AddRecipeDelegate.swift in Sources */,
				2A1086192BF9FC6A00F8FAED /* DinnerMealTableViewCell.swift in Sources */,
				2A4397872BFF81BC00E242A2 /* NightmodeTableViewCell.swift in Sources */,
				2A1086132BF9F9DC00F8FAED /* BreakfastMealTableViewCell.swift in Sources */,
				2AADB0B62BF32CEB00962CF6 /* ShoppingListTableViewController.swift in Sources */,
				2A48C54B2BD7842B006EFA94 /* Recipe.swift in Sources */,
				2ACFB54B2C01BF5E00BA2E57 /* AcknowledgementViewController.swift in Sources */,
				2A7DACF82BE601EF00886398 /* MulticastDelegate.swift in Sources */,
				2A7DACFE2BE6085E00886398 /* RecipeList.swift in Sources */,
			);
			runOnlyForDeploymentPostprocessing = 0;
		};
/* End PBXSourcesBuildPhase section */

/* Begin PBXVariantGroup section */
		2A48C53A2BD77DDD006EFA94 /* Main.storyboard */ = {
			isa = PBXVariantGroup;
			children = (
				2A48C53B2BD77DDD006EFA94 /* Base */,
			);
			name = Main.storyboard;
			sourceTree = "<group>";
		};
		2A48C53F2BD77DDE006EFA94 /* LaunchScreen.storyboard */ = {
			isa = PBXVariantGroup;
			children = (
				2A48C5402BD77DDE006EFA94 /* Base */,
			);
			name = LaunchScreen.storyboard;
			sourceTree = "<group>";
		};
/* End PBXVariantGroup section */

/* Begin XCBuildConfiguration section */
		2A48C5432BD77DDE006EFA94 /* Debug */ = {
			isa = XCBuildConfiguration;
			buildSettings = {
				ALWAYS_SEARCH_USER_PATHS = NO;
				ASSETCATALOG_COMPILER_GENERATE_SWIFT_ASSET_SYMBOL_EXTENSIONS = YES;
				CLANG_ANALYZER_NONNULL = YES;
				CLANG_ANALYZER_NUMBER_OBJECT_CONVERSION = YES_AGGRESSIVE;
				CLANG_CXX_LANGUAGE_STANDARD = "gnu++20";
				CLANG_ENABLE_MODULES = YES;
				CLANG_ENABLE_OBJC_ARC = YES;
				CLANG_ENABLE_OBJC_WEAK = YES;
				CLANG_WARN_BLOCK_CAPTURE_AUTORELEASING = YES;
				CLANG_WARN_BOOL_CONVERSION = YES;
				CLANG_WARN_COMMA = YES;
				CLANG_WARN_CONSTANT_CONVERSION = YES;
				CLANG_WARN_DEPRECATED_OBJC_IMPLEMENTATIONS = YES;
				CLANG_WARN_DIRECT_OBJC_ISA_USAGE = YES_ERROR;
				CLANG_WARN_DOCUMENTATION_COMMENTS = YES;
				CLANG_WARN_EMPTY_BODY = YES;
				CLANG_WARN_ENUM_CONVERSION = YES;
				CLANG_WARN_INFINITE_RECURSION = YES;
				CLANG_WARN_INT_CONVERSION = YES;
				CLANG_WARN_NON_LITERAL_NULL_CONVERSION = YES;
				CLANG_WARN_OBJC_IMPLICIT_RETAIN_SELF = YES;
				CLANG_WARN_OBJC_LITERAL_CONVERSION = YES;
				CLANG_WARN_OBJC_ROOT_CLASS = YES_ERROR;
				CLANG_WARN_QUOTED_INCLUDE_IN_FRAMEWORK_HEADER = YES;
				CLANG_WARN_RANGE_LOOP_ANALYSIS = YES;
				CLANG_WARN_STRICT_PROTOTYPES = YES;
				CLANG_WARN_SUSPICIOUS_MOVE = YES;
				CLANG_WARN_UNGUARDED_AVAILABILITY = YES_AGGRESSIVE;
				CLANG_WARN_UNREACHABLE_CODE = YES;
				CLANG_WARN__DUPLICATE_METHOD_MATCH = YES;
				COPY_PHASE_STRIP = NO;
				DEBUG_INFORMATION_FORMAT = dwarf;
				ENABLE_STRICT_OBJC_MSGSEND = YES;
				ENABLE_TESTABILITY = YES;
				ENABLE_USER_SCRIPT_SANDBOXING = YES;
				GCC_C_LANGUAGE_STANDARD = gnu17;
				GCC_DYNAMIC_NO_PIC = NO;
				GCC_NO_COMMON_BLOCKS = YES;
				GCC_OPTIMIZATION_LEVEL = 0;
				GCC_PREPROCESSOR_DEFINITIONS = (
					"DEBUG=1",
					"$(inherited)",
				);
				GCC_WARN_64_TO_32_BIT_CONVERSION = YES;
				GCC_WARN_ABOUT_RETURN_TYPE = YES_ERROR;
				GCC_WARN_UNDECLARED_SELECTOR = YES;
				GCC_WARN_UNINITIALIZED_AUTOS = YES_AGGRESSIVE;
				GCC_WARN_UNUSED_FUNCTION = YES;
				GCC_WARN_UNUSED_VARIABLE = YES;
				IPHONEOS_DEPLOYMENT_TARGET = 17.4;
				LOCALIZATION_PREFERS_STRING_CATALOGS = YES;
				MTL_ENABLE_DEBUG_INFO = INCLUDE_SOURCE;
				MTL_FAST_MATH = YES;
				ONLY_ACTIVE_ARCH = YES;
				SDKROOT = iphoneos;
				SWIFT_ACTIVE_COMPILATION_CONDITIONS = "DEBUG $(inherited)";
				SWIFT_OPTIMIZATION_LEVEL = "-Onone";
			};
			name = Debug;
		};
		2A48C5442BD77DDE006EFA94 /* Release */ = {
			isa = XCBuildConfiguration;
			buildSettings = {
				ALWAYS_SEARCH_USER_PATHS = NO;
				ASSETCATALOG_COMPILER_GENERATE_SWIFT_ASSET_SYMBOL_EXTENSIONS = YES;
				CLANG_ANALYZER_NONNULL = YES;
				CLANG_ANALYZER_NUMBER_OBJECT_CONVERSION = YES_AGGRESSIVE;
				CLANG_CXX_LANGUAGE_STANDARD = "gnu++20";
				CLANG_ENABLE_MODULES = YES;
				CLANG_ENABLE_OBJC_ARC = YES;
				CLANG_ENABLE_OBJC_WEAK = YES;
				CLANG_WARN_BLOCK_CAPTURE_AUTORELEASING = YES;
				CLANG_WARN_BOOL_CONVERSION = YES;
				CLANG_WARN_COMMA = YES;
				CLANG_WARN_CONSTANT_CONVERSION = YES;
				CLANG_WARN_DEPRECATED_OBJC_IMPLEMENTATIONS = YES;
				CLANG_WARN_DIRECT_OBJC_ISA_USAGE = YES_ERROR;
				CLANG_WARN_DOCUMENTATION_COMMENTS = YES;
				CLANG_WARN_EMPTY_BODY = YES;
				CLANG_WARN_ENUM_CONVERSION = YES;
				CLANG_WARN_INFINITE_RECURSION = YES;
				CLANG_WARN_INT_CONVERSION = YES;
				CLANG_WARN_NON_LITERAL_NULL_CONVERSION = YES;
				CLANG_WARN_OBJC_IMPLICIT_RETAIN_SELF = YES;
				CLANG_WARN_OBJC_LITERAL_CONVERSION = YES;
				CLANG_WARN_OBJC_ROOT_CLASS = YES_ERROR;
				CLANG_WARN_QUOTED_INCLUDE_IN_FRAMEWORK_HEADER = YES;
				CLANG_WARN_RANGE_LOOP_ANALYSIS = YES;
				CLANG_WARN_STRICT_PROTOTYPES = YES;
				CLANG_WARN_SUSPICIOUS_MOVE = YES;
				CLANG_WARN_UNGUARDED_AVAILABILITY = YES_AGGRESSIVE;
				CLANG_WARN_UNREACHABLE_CODE = YES;
				CLANG_WARN__DUPLICATE_METHOD_MATCH = YES;
				COPY_PHASE_STRIP = NO;
				DEBUG_INFORMATION_FORMAT = "dwarf-with-dsym";
				ENABLE_NS_ASSERTIONS = NO;
				ENABLE_STRICT_OBJC_MSGSEND = YES;
				ENABLE_USER_SCRIPT_SANDBOXING = YES;
				GCC_C_LANGUAGE_STANDARD = gnu17;
				GCC_NO_COMMON_BLOCKS = YES;
				GCC_WARN_64_TO_32_BIT_CONVERSION = YES;
				GCC_WARN_ABOUT_RETURN_TYPE = YES_ERROR;
				GCC_WARN_UNDECLARED_SELECTOR = YES;
				GCC_WARN_UNINITIALIZED_AUTOS = YES_AGGRESSIVE;
				GCC_WARN_UNUSED_FUNCTION = YES;
				GCC_WARN_UNUSED_VARIABLE = YES;
				IPHONEOS_DEPLOYMENT_TARGET = 17.4;
				LOCALIZATION_PREFERS_STRING_CATALOGS = YES;
				MTL_ENABLE_DEBUG_INFO = NO;
				MTL_FAST_MATH = YES;
				SDKROOT = iphoneos;
				SWIFT_COMPILATION_MODE = wholemodule;
				VALIDATE_PRODUCT = YES;
			};
			name = Release;
		};
		2A48C5462BD77DDE006EFA94 /* Debug */ = {
			isa = XCBuildConfiguration;
			buildSettings = {
				ASSETCATALOG_COMPILER_APPICON_NAME = AppIcon;
				ASSETCATALOG_COMPILER_GLOBAL_ACCENT_COLOR_NAME = AccentColor;
				CODE_SIGN_STYLE = Automatic;
				CURRENT_PROJECT_VERSION = 1;
				GENERATE_INFOPLIST_FILE = YES;
				INFOPLIST_FILE = MeRecipe/Info.plist;
				INFOPLIST_KEY_UIApplicationSupportsIndirectInputEvents = YES;
				INFOPLIST_KEY_UILaunchStoryboardName = LaunchScreen;
				INFOPLIST_KEY_UIMainStoryboardFile = Main;
				INFOPLIST_KEY_UISupportedInterfaceOrientations_iPad = "UIInterfaceOrientationPortrait UIInterfaceOrientationPortraitUpsideDown UIInterfaceOrientationLandscapeLeft UIInterfaceOrientationLandscapeRight";
				INFOPLIST_KEY_UISupportedInterfaceOrientations_iPhone = "UIInterfaceOrientationPortrait UIInterfaceOrientationLandscapeLeft UIInterfaceOrientationLandscapeRight";
				LD_RUNPATH_SEARCH_PATHS = (
					"$(inherited)",
					"@executable_path/Frameworks",
				);
				MARKETING_VERSION = 1.0;
				PRODUCT_BUNDLE_IDENTIFIER = edu.monash.MeRecipe;
				PRODUCT_NAME = "$(TARGET_NAME)";
				SWIFT_EMIT_LOC_STRINGS = YES;
				SWIFT_VERSION = 5.0;
				TARGETED_DEVICE_FAMILY = "1,2";
			};
			name = Debug;
		};
		2A48C5472BD77DDE006EFA94 /* Release */ = {
			isa = XCBuildConfiguration;
			buildSettings = {
				ASSETCATALOG_COMPILER_APPICON_NAME = AppIcon;
				ASSETCATALOG_COMPILER_GLOBAL_ACCENT_COLOR_NAME = AccentColor;
				CODE_SIGN_STYLE = Automatic;
				CURRENT_PROJECT_VERSION = 1;
				GENERATE_INFOPLIST_FILE = YES;
				INFOPLIST_FILE = MeRecipe/Info.plist;
				INFOPLIST_KEY_UIApplicationSupportsIndirectInputEvents = YES;
				INFOPLIST_KEY_UILaunchStoryboardName = LaunchScreen;
				INFOPLIST_KEY_UIMainStoryboardFile = Main;
				INFOPLIST_KEY_UISupportedInterfaceOrientations_iPad = "UIInterfaceOrientationPortrait UIInterfaceOrientationPortraitUpsideDown UIInterfaceOrientationLandscapeLeft UIInterfaceOrientationLandscapeRight";
				INFOPLIST_KEY_UISupportedInterfaceOrientations_iPhone = "UIInterfaceOrientationPortrait UIInterfaceOrientationLandscapeLeft UIInterfaceOrientationLandscapeRight";
				LD_RUNPATH_SEARCH_PATHS = (
					"$(inherited)",
					"@executable_path/Frameworks",
				);
				MARKETING_VERSION = 1.0;
				PRODUCT_BUNDLE_IDENTIFIER = edu.monash.MeRecipe;
				PRODUCT_NAME = "$(TARGET_NAME)";
				SWIFT_EMIT_LOC_STRINGS = YES;
				SWIFT_VERSION = 5.0;
				TARGETED_DEVICE_FAMILY = "1,2";
			};
			name = Release;
		};
/* End XCBuildConfiguration section */

/* Begin XCConfigurationList section */
		2A48C52C2BD77DDD006EFA94 /* Build configuration list for PBXProject "MeRecipe" */ = {
			isa = XCConfigurationList;
			buildConfigurations = (
				2A48C5432BD77DDE006EFA94 /* Debug */,
				2A48C5442BD77DDE006EFA94 /* Release */,
			);
			defaultConfigurationIsVisible = 0;
			defaultConfigurationName = Release;
		};
		2A48C5452BD77DDE006EFA94 /* Build configuration list for PBXNativeTarget "MeRecipe" */ = {
			isa = XCConfigurationList;
			buildConfigurations = (
				2A48C5462BD77DDE006EFA94 /* Debug */,
				2A48C5472BD77DDE006EFA94 /* Release */,
			);
			defaultConfigurationIsVisible = 0;
			defaultConfigurationName = Release;
		};
/* End XCConfigurationList section */

/* Begin XCRemoteSwiftPackageReference section */
		2A14994D2BE3D29E005114DE /* XCRemoteSwiftPackageReference "firebase-ios-sdk" */ = {
			isa = XCRemoteSwiftPackageReference;
			repositoryURL = "https://github.com/firebase/firebase-ios-sdk.git";
			requirement = {
				kind = upToNextMajorVersion;
				minimumVersion = 10.25.0;
			};
		};
/* End XCRemoteSwiftPackageReference section */

/* Begin XCSwiftPackageProductDependency section */
		2A7DAD012BE60C8B00886398 /* FirebaseAuth */ = {
			isa = XCSwiftPackageProductDependency;
			package = 2A14994D2BE3D29E005114DE /* XCRemoteSwiftPackageReference "firebase-ios-sdk" */;
			productName = FirebaseAuth;
		};
		2A7DAD032BE60C8B00886398 /* FirebaseFirestore */ = {
			isa = XCSwiftPackageProductDependency;
			package = 2A14994D2BE3D29E005114DE /* XCRemoteSwiftPackageReference "firebase-ios-sdk" */;
			productName = FirebaseFirestore;
		};
		2A7DAD052BE60C8B00886398 /* FirebaseFirestoreSwift */ = {
			isa = XCSwiftPackageProductDependency;
			package = 2A14994D2BE3D29E005114DE /* XCRemoteSwiftPackageReference "firebase-ios-sdk" */;
			productName = FirebaseFirestoreSwift;
		};
		2AAF02FA2BE7D605004BC26C /* FirebaseStorage */ = {
			isa = XCSwiftPackageProductDependency;
			package = 2A14994D2BE3D29E005114DE /* XCRemoteSwiftPackageReference "firebase-ios-sdk" */;
			productName = FirebaseStorage;
		};
/* End XCSwiftPackageProductDependency section */
	};
	rootObject = 2A48C5292BD77DDD006EFA94 /* Project object */;
}
